
Microsoft Visual Studio Solution File, Format Version 12.00
# Visual Studio Version 17
VisualStudioVersion = 17.0.31903.59
MinimumVisualStudioVersion = 10.0.40219.1
Project("{2150E333-8FDC-42A3-9474-1A3956D46DE8}") = "src", "src", "{827E0CD3-B72D-47B6-A68D-7590B98EB39B}"
EndProject
Project("{FAE04EC0-301F-11D3-BF4B-00C04F79EFBC}") = "Fcg.Domain", "src\Fcg.Domain\Fcg.Domain.csproj", "{FBC08A2E-0137-4269-B112-07877DBE0F73}"
EndProject
Project("{FAE04EC0-301F-11D3-BF4B-00C04F79EFBC}") = "Fcg.Application", "src\Fcg.Application\Fcg.Application.csproj", "{073BC3CA-222C-40F6-AAB0-E9CDEB995085}"
EndProject
Project("{FAE04EC0-301F-11D3-BF4B-00C04F79EFBC}") = "Fcg.Infrastructure", "src\Fcg.Infrastructure\Fcg.Infrastructure.csproj", "{D9A07A74-EF06-4D90-BF9F-C99A1F743175}"
EndProject
Project("{FAE04EC0-301F-11D3-BF4B-00C04F79EFBC}") = "Fcg.Api", "src\Fcg.Api\Fcg.Api.csproj", "{E0A7224C-7288-49E4-9315-4FBC1892E75D}"
EndProject
Project("{2150E333-8FDC-42A3-9474-1A3956D46DE8}") = "tests", "tests", "{0AB3BF05-4346-4AA6-1389-037BE0695223}"
EndProject
Project("{FAE04EC0-301F-11D3-BF4B-00C04F79EFBC}") = "Fcg.Domain.Tests", "tests\Fcg.Domain.Tests\Fcg.Domain.Tests.csproj", "{750DD9C7-12D3-4A91-9E85-24EA0F6DA472}"
EndProject
Project("{FAE04EC0-301F-11D3-BF4B-00C04F79EFBC}") = "Fcg.Application.Tests", "tests\Fcg.Application.Tests\Fcg.Application.Tests.csproj", "{60082D54-01B2-4A47-8BCE-99026BE382A2}"
EndProject
Global
	GlobalSection(SolutionConfigurationPlatforms) = preSolution
		Debug|Any CPU = Debug|Any CPU
		Debug|x64 = Debug|x64
		Debug|x86 = Debug|x86
		Release|Any CPU = Release|Any CPU
		Release|x64 = Release|x64
		Release|x86 = Release|x86
	EndGlobalSection
	GlobalSection(ProjectConfigurationPlatforms) = postSolution
		{FBC08A2E-0137-4269-B112-07877DBE0F73}.Debug|Any CPU.ActiveCfg = Debug|Any CPU
		{FBC08A2E-0137-4269-B112-07877DBE0F73}.Debug|Any CPU.Build.0 = Debug|Any CPU
		{FBC08A2E-0137-4269-B112-07877DBE0F73}.Debug|x64.ActiveCfg = Debug|Any CPU
		{FBC08A2E-0137-4269-B112-07877DBE0F73}.Debug|x64.Build.0 = Debug|Any CPU
		{FBC08A2E-0137-4269-B112-07877DBE0F73}.Debug|x86.ActiveCfg = Debug|Any CPU
		{FBC08A2E-0137-4269-B112-07877DBE0F73}.Debug|x86.Build.0 = Debug|Any CPU
		{FBC08A2E-0137-4269-B112-07877DBE0F73}.Release|Any CPU.ActiveCfg = Release|Any CPU
		{FBC08A2E-0137-4269-B112-07877DBE0F73}.Release|Any CPU.Build.0 = Release|Any CPU
		{FBC08A2E-0137-4269-B112-07877DBE0F73}.Release|x64.ActiveCfg = Release|Any CPU
		{FBC08A2E-0137-4269-B112-07877DBE0F73}.Release|x64.Build.0 = Release|Any CPU
		{FBC08A2E-0137-4269-B112-07877DBE0F73}.Release|x86.ActiveCfg = Release|Any CPU
		{FBC08A2E-0137-4269-B112-07877DBE0F73}.Release|x86.Build.0 = Release|Any CPU
		{073BC3CA-222C-40F6-AAB0-E9CDEB995085}.Debug|Any CPU.ActiveCfg = Debug|Any CPU
		{073BC3CA-222C-40F6-AAB0-E9CDEB995085}.Debug|Any CPU.Build.0 = Debug|Any CPU
		{073BC3CA-222C-40F6-AAB0-E9CDEB995085}.Debug|x64.ActiveCfg = Debug|Any CPU
		{073BC3CA-222C-40F6-AAB0-E9CDEB995085}.Debug|x64.Build.0 = Debug|Any CPU
		{073BC3CA-222C-40F6-AAB0-E9CDEB995085}.Debug|x86.ActiveCfg = Debug|Any CPU
		{073BC3CA-222C-40F6-AAB0-E9CDEB995085}.Debug|x86.Build.0 = Debug|Any CPU
		{073BC3CA-222C-40F6-AAB0-E9CDEB995085}.Release|Any CPU.ActiveCfg = Release|Any CPU
		{073BC3CA-222C-40F6-AAB0-E9CDEB995085}.Release|Any CPU.Build.0 = Release|Any CPU
		{073BC3CA-222C-40F6-AAB0-E9CDEB995085}.Release|x64.ActiveCfg = Release|Any CPU
		{073BC3CA-222C-40F6-AAB0-E9CDEB995085}.Release|x64.Build.0 = Release|Any CPU
		{073BC3CA-222C-40F6-AAB0-E9CDEB995085}.Release|x86.ActiveCfg = Release|Any CPU
		{073BC3CA-222C-40F6-AAB0-E9CDEB995085}.Release|x86.Build.0 = Release|Any CPU
		{D9A07A74-EF06-4D90-BF9F-C99A1F743175}.Debug|Any CPU.ActiveCfg = Debug|Any CPU
		{D9A07A74-EF06-4D90-BF9F-C99A1F743175}.Debug|Any CPU.Build.0 = Debug|Any CPU
		{D9A07A74-EF06-4D90-BF9F-C99A1F743175}.Debug|x64.ActiveCfg = Debug|Any CPU
		{D9A07A74-EF06-4D90-BF9F-C99A1F743175}.Debug|x64.Build.0 = Debug|Any CPU
		{D9A07A74-EF06-4D90-BF9F-C99A1F743175}.Debug|x86.ActiveCfg = Debug|Any CPU
		{D9A07A74-EF06-4D90-BF9F-C99A1F743175}.Debug|x86.Build.0 = Debug|Any CPU
		{D9A07A74-EF06-4D90-BF9F-C99A1F743175}.Release|Any CPU.ActiveCfg = Release|Any CPU
		{D9A07A74-EF06-4D90-BF9F-C99A1F743175}.Release|Any CPU.Build.0 = Release|Any CPU
		{D9A07A74-EF06-4D90-BF9F-C99A1F743175}.Release|x64.ActiveCfg = Release|Any CPU
		{D9A07A74-EF06-4D90-BF9F-C99A1F743175}.Release|x64.Build.0 = Release|Any CPU
		{D9A07A74-EF06-4D90-BF9F-C99A1F743175}.Release|x86.ActiveCfg = Release|Any CPU
		{D9A07A74-EF06-4D90-BF9F-C99A1F743175}.Release|x86.Build.0 = Release|Any CPU
		{E0A7224C-7288-49E4-9315-4FBC1892E75D}.Debug|Any CPU.ActiveCfg = Debug|Any CPU
		{E0A7224C-7288-49E4-9315-4FBC1892E75D}.Debug|Any CPU.Build.0 = Debug|Any CPU
		{E0A7224C-7288-49E4-9315-4FBC1892E75D}.Debug|x64.ActiveCfg = Debug|Any CPU
		{E0A7224C-7288-49E4-9315-4FBC1892E75D}.Debug|x64.Build.0 = Debug|Any CPU
		{E0A7224C-7288-49E4-9315-4FBC1892E75D}.Debug|x86.ActiveCfg = Debug|Any CPU
		{E0A7224C-7288-49E4-9315-4FBC1892E75D}.Debug|x86.Build.0 = Debug|Any CPU
		{E0A7224C-7288-49E4-9315-4FBC1892E75D}.Release|Any CPU.ActiveCfg = Release|Any CPU
		{E0A7224C-7288-49E4-9315-4FBC1892E75D}.Release|Any CPU.Build.0 = Release|Any CPU
		{E0A7224C-7288-49E4-9315-4FBC1892E75D}.Release|x64.ActiveCfg = Release|Any CPU
		{E0A7224C-7288-49E4-9315-4FBC1892E75D}.Release|x64.Build.0 = Release|Any CPU
		{E0A7224C-7288-49E4-9315-4FBC1892E75D}.Release|x86.ActiveCfg = Release|Any CPU
		{E0A7224C-7288-49E4-9315-4FBC1892E75D}.Release|x86.Build.0 = Release|Any CPU
		{750DD9C7-12D3-4A91-9E85-24EA0F6DA472}.Debug|Any CPU.ActiveCfg = Debug|Any CPU
		{750DD9C7-12D3-4A91-9E85-24EA0F6DA472}.Debug|Any CPU.Build.0 = Debug|Any CPU
		{750DD9C7-12D3-4A91-9E85-24EA0F6DA472}.Debug|x64.ActiveCfg = Debug|Any CPU
		{750DD9C7-12D3-4A91-9E85-24EA0F6DA472}.Debug|x64.Build.0 = Debug|Any CPU
		{750DD9C7-12D3-4A91-9E85-24EA0F6DA472}.Debug|x86.ActiveCfg = Debug|Any CPU
		{750DD9C7-12D3-4A91-9E85-24EA0F6DA472}.Debug|x86.Build.0 = Debug|Any CPU
		{750DD9C7-12D3-4A91-9E85-24EA0F6DA472}.Release|Any CPU.ActiveCfg = Release|Any CPU
		{750DD9C7-12D3-4A91-9E85-24EA0F6DA472}.Release|Any CPU.Build.0 = Release|Any CPU
		{750DD9C7-12D3-4A91-9E85-24EA0F6DA472}.Release|x64.ActiveCfg = Release|Any CPU
		{750DD9C7-12D3-4A91-9E85-24EA0F6DA472}.Release|x64.Build.0 = Release|Any CPU
		{750DD9C7-12D3-4A91-9E85-24EA0F6DA472}.Release|x86.ActiveCfg = Release|Any CPU
		{750DD9C7-12D3-4A91-9E85-24EA0F6DA472}.Release|x86.Build.0 = Release|Any CPU
		{60082D54-01B2-4A47-8BCE-99026BE382A2}.Debug|Any CPU.ActiveCfg = Debug|Any CPU
		{60082D54-01B2-4A47-8BCE-99026BE382A2}.Debug|Any CPU.Build.0 = Debug|Any CPU
		{60082D54-01B2-4A47-8BCE-99026BE382A2}.Debug|x64.ActiveCfg = Debug|Any CPU
		{60082D54-01B2-4A47-8BCE-99026BE382A2}.Debug|x64.Build.0 = Debug|Any CPU
		{60082D54-01B2-4A47-8BCE-99026BE382A2}.Debug|x86.ActiveCfg = Debug|Any CPU
		{60082D54-01B2-4A47-8BCE-99026BE382A2}.Debug|x86.Build.0 = Debug|Any CPU
		{60082D54-01B2-4A47-8BCE-99026BE382A2}.Release|Any CPU.ActiveCfg = Release|Any CPU
		{60082D54-01B2-4A47-8BCE-99026BE382A2}.Release|Any CPU.Build.0 = Release|Any CPU
		{60082D54-01B2-4A47-8BCE-99026BE382A2}.Release|x64.ActiveCfg = Release|Any CPU
		{60082D54-01B2-4A47-8BCE-99026BE382A2}.Release|x64.Build.0 = Release|Any CPU
		{60082D54-01B2-4A47-8BCE-99026BE382A2}.Release|x86.ActiveCfg = Release|Any CPU
		{60082D54-01B2-4A47-8BCE-99026BE382A2}.Release|x86.Build.0 = Release|Any CPU
	EndGlobalSection
	GlobalSection(SolutionProperties) = preSolution
		HideSolutionNode = FALSE
	EndGlobalSection
	GlobalSection(NestedProjects) = preSolution
		{FBC08A2E-0137-4269-B112-07877DBE0F73} = {827E0CD3-B72D-47B6-A68D-7590B98EB39B}
		{073BC3CA-222C-40F6-AAB0-E9CDEB995085} = {827E0CD3-B72D-47B6-A68D-7590B98EB39B}
		{D9A07A74-EF06-4D90-BF9F-C99A1F743175} = {827E0CD3-B72D-47B6-A68D-7590B98EB39B}
		{E0A7224C-7288-49E4-9315-4FBC1892E75D} = {827E0CD3-B72D-47B6-A68D-7590B98EB39B}
		{750DD9C7-12D3-4A91-9E85-24EA0F6DA472} = {0AB3BF05-4346-4AA6-1389-037BE0695223}
		{60082D54-01B2-4A47-8BCE-99026BE382A2} = {0AB3BF05-4346-4AA6-1389-037BE0695223}
	EndGlobalSection
EndGlobal
